
Microsoft Visual Studio Solution File, Format Version 12.00
# Visual Studio Version 17
VisualStudioVersion = 17.5.002.0
MinimumVisualStudioVersion = 10.0.40219.1
Project("{9A19103F-16F7-4668-BE54-9A1E7A4F7556}") = "DyAproyect", "DyAproyect.csproj", "{E48C1DC1-D73E-448D-A872-BE5312EA3042}"
EndProject
Global
	GlobalSection(SolutionConfigurationPlatforms) = preSolution
		Debug|Any CPU = Debug|Any CPU
		Release|Any CPU = Release|Any CPU
	EndGlobalSection
	GlobalSection(ProjectConfigurationPlatforms) = postSolution
		{E48C1DC1-D73E-448D-A872-BE5312EA3042}.Debug|Any CPU.ActiveCfg = Debug|Any CPU
		{E48C1DC1-D73E-448D-A872-BE5312EA3042}.Debug|Any CPU.Build.0 = Debug|Any CPU
		{E48C1DC1-D73E-448D-A872-BE5312EA3042}.Release|Any CPU.ActiveCfg = Release|Any CPU
		{E48C1DC1-D73E-448D-A872-BE5312EA3042}.Release|Any CPU.Build.0 = Release|Any CPU
	EndGlobalSection
	GlobalSection(SolutionProperties) = preSolution
		HideSolutionNode = FALSE
	EndGlobalSection
	GlobalSection(ExtensibilityGlobals) = postSolution
		SolutionGuid = {36905B45-3D9E-4C99-A6F2-E2DADA5F2DA6}
	EndGlobalSection
EndGlobal
